<?xml version="1.0" encoding="utf-8"?>
<Project ToolsVersion="4.0" xmlns="http://schemas.microsoft.com/developer/msbuild/2003">
  <ItemGroup>
    <Filter Include="Source Files">
      <UniqueIdentifier>{4FC737F1-C7A5-4376-A066-2A32D752A2FF}</UniqueIdentifier>
      <Extensions>cpp;c;cc;cxx;c++;cppm;ixx;def;odl;idl;hpj;bat;asm;asmx</Extensions>
    </Filter>
    <Filter Include="Header Files">
      <UniqueIdentifier>{93995380-89BD-4b04-88EB-625FBE52EBFB}</UniqueIdentifier>
      <Extensions>h;hh;hpp;hxx;h++;hm;inl;inc;ipp;xsd</Extensions>
    </Filter>
    <Filter Include="Resource Files">
      <UniqueIdentifier>{67DA6AB6-F800-4c08-8B7A-83BB121AAD01}</UniqueIdentifier>
      <Extensions>rc;ico;cur;bmp;dlg;rc2;rct;bin;rgs;gif;jpg;jpeg;jpe;resx;tiff;tif;png;wav;mfcribbon-ms</Extensions>
    </Filter>
    <Filter Include="Source Files\main">
      <UniqueIdentifier>{689cbd60-37e3-498f-b897-d4b6952cd34f}</UniqueIdentifier>
    </Filter>
    <Filter Include="Source Files\utils">
      <UniqueIdentifier>{a754a5cd-de4b-44bf-908d-f17b7b4029af}</UniqueIdentifier>
    </Filter>
    <Filter Include="Source Files\assembler">
      <UniqueIdentifier>{98c9b458-4696-41a0-98c7-b9e36739b188}</UniqueIdentifier>
    </Filter>
    <Filter Include="Source Files\vm">
      <UniqueIdentifier>{c8d13fab-ef01-4c3a-9c5d-b889395df53e}</UniqueIdentifier>
    </Filter>
    <Filter Include="Source Files\Lang">
      <UniqueIdentifier>{14651311-fc10-4bea-b6cb-002e8b40a8c1}</UniqueIdentifier>
    </Filter>
    <Filter Include="Source Files\Lang\AssemblyExamples">
      <UniqueIdentifier>{19f41b2e-9d97-47f6-9314-43dedd2d248f}</UniqueIdentifier>
    </Filter>
    <Filter Include="Source Files\disassembler">
      <UniqueIdentifier>{31bcb238-42ef-4817-8692-5700c294c023}</UniqueIdentifier>
    </Filter>
    <Filter Include="Source Files\compiler">
      <UniqueIdentifier>{54c4267f-0bd8-4de8-a77e-cf8d14befb6c}</UniqueIdentifier>
    </Filter>
    <Filter Include="Source Files\Lang\CompilerExamples">
      <UniqueIdentifier>{5e2cad0a-bf91-4a93-ba9a-ea04ffa3ac8f}</UniqueIdentifier>
    </Filter>
  </ItemGroup>
  <ItemGroup>
    <ClCompile Include="main\main.cpp">
      <Filter>Source Files\main</Filter>
    </ClCompile>
    <ClCompile Include="utils\utils.cpp">
      <Filter>Source Files\utils</Filter>
    </ClCompile>
    <ClCompile Include="assembler\assembler.cpp">
      <Filter>Source Files\assembler</Filter>
    </ClCompile>
    <ClCompile Include="vm\executor.cpp">
      <Filter>Source Files\vm</Filter>
    </ClCompile>
    <ClCompile Include="utils\bytecode.cpp">
      <Filter>Source Files\utils</Filter>
    </ClCompile>
    <ClCompile Include="disassembler\disassembler.cpp">
      <Filter>Source Files\disassembler</Filter>
    </ClCompile>
    <ClCompile Include="compiler\compiler.cpp">
      <Filter>Source Files\compiler</Filter>
    </ClCompile>
    <ClCompile Include="compiler\tokenizer.cpp">
      <Filter>Source Files\compiler</Filter>
    </ClCompile>
    <ClCompile Include="compiler\ast.cpp">
      <Filter>Source Files\compiler</Filter>
    </ClCompile>
  </ItemGroup>
  <ItemGroup>
    <ClInclude Include="utils\utils.h">
      <Filter>Source Files\utils</Filter>
    </ClInclude>
    <ClInclude Include="main\main.h">
      <Filter>Source Files\main</Filter>
    </ClInclude>
    <ClInclude Include="utils\opcode.h">
      <Filter>Source Files\utils</Filter>
    </ClInclude>
    <ClInclude Include="assembler\assembler.h">
      <Filter>Source Files\assembler</Filter>
    </ClInclude>
    <ClInclude Include="vm\executor.h">
      <Filter>Source Files\vm</Filter>
    </ClInclude>
    <ClInclude Include="utils\bytecode.h">
      <Filter>Source Files\utils</Filter>
    </ClInclude>
    <ClInclude Include="disassembler\disassembler.h">
      <Filter>Source Files\disassembler</Filter>
    </ClInclude>
    <ClInclude Include="compiler\compiler.h">
      <Filter>Source Files\compiler</Filter>
    </ClInclude>
    <ClInclude Include="compiler\tokenizer.h">
      <Filter>Source Files\compiler</Filter>
    </ClInclude>
    <ClInclude Include="compiler\ast.h">
      <Filter>Source Files\compiler</Filter>
    </ClInclude>
  </ItemGroup>
  <ItemGroup>
    <None Include="Lang\AssemblyExamples\babylonian_sqrt.azm">
      <Filter>Source Files\Lang\AssemblyExamples</Filter>
    </None>
    <None Include="Lang\AssemblyExamples\babylonian_sqrt.eze">
      <Filter>Source Files\Lang\AssemblyExamples</Filter>
    </None>
    <None Include="Lang\AssemblyExamples\example1.azm">
      <Filter>Source Files\Lang\AssemblyExamples</Filter>
    </None>
    <None Include="Lang\AssemblyExamples\example1.eze">
      <Filter>Source Files\Lang\AssemblyExamples</Filter>
    </None>
    <None Include="Lang\AssemblyExamples\fibonacci_fast.azm">
      <Filter>Source Files\Lang\AssemblyExamples</Filter>
    </None>
    <None Include="Lang\AssemblyExamples\fibonacci_fast.eze">
      <Filter>Source Files\Lang\AssemblyExamples</Filter>
    </None>
    <None Include="Lang\AssemblyExamples\fibonacci_recursive.azm">
      <Filter>Source Files\Lang\AssemblyExamples</Filter>
    </None>
    <None Include="Lang\AssemblyExamples\fibonacci_recursive.eze">
      <Filter>Source Files\Lang\AssemblyExamples</Filter>
    </None>
    <None Include="Lang\AssemblyExamples\guessing_game.azm">
      <Filter>Source Files\Lang\AssemblyExamples</Filter>
    </None>
    <None Include="Lang\AssemblyExamples\guessing_game.eze">
      <Filter>Source Files\Lang\AssemblyExamples</Filter>
    </None>
    <None Include="Lang\AssemblyExamples\simple_user_input.azm">
      <Filter>Source Files\Lang\AssemblyExamples</Filter>
    </None>
    <None Include="Lang\AssemblyExamples\simple_user_input.eze">
      <Filter>Source Files\Lang\AssemblyExamples</Filter>
    </None>
    <None Include="Lang\AssemblyExamples\disasmdump.azm">
      <Filter>Source Files\Lang\AssemblyExamples</Filter>
    </None>
    <None Include="Lang\CompilerExamples\example1.eze">
      <Filter>Source Files\Lang\CompilerExamples</Filter>
    </None>
    <None Include="Lang\CompilerExamples\example1.z">
      <Filter>Source Files\Lang\CompilerExamples</Filter>
    </None>
    <None Include="Lang\CompilerExamples\fibonacci.z">
      <Filter>Source Files\Lang\CompilerExamples</Filter>
    </None>
  </ItemGroup>
</Project>