
Microsoft Visual Studio Solution File, Format Version 12.00
# Visual Studio Version 16
VisualStudioVersion = 16.0.32802.440
MinimumVisualStudioVersion = 10.0.40219.1
Project("{8BC9CEB8-8B4A-11D0-8D11-00A0C91BC942}") = "Zed", "Zed\Zed.vcxproj", "{FCAF17EA-72F6-483A-A663-40FD8CA5F75D}"
EndProject
Global
	GlobalSection(SolutionConfigurationPlatforms) = preSolution
		Debug|x64 = Debug|x64
		Debug|x86 = Debug|x86
		Release|x64 = Release|x64
		Release|x86 = Release|x86
	EndGlobalSection
	GlobalSection(ProjectConfigurationPlatforms) = postSolution
		{FCAF17EA-72F6-483A-A663-40FD8CA5F75D}.Debug|x64.ActiveCfg = Debug|x64
		{FCAF17EA-72F6-483A-A663-40FD8CA5F75D}.Debug|x64.Build.0 = Debug|x64
		{FCAF17EA-72F6-483A-A663-40FD8CA5F75D}.Debug|x86.ActiveCfg = Debug|Win32
		{FCAF17EA-72F6-483A-A663-40FD8CA5F75D}.Debug|x86.Build.0 = Debug|Win32
		{FCAF17EA-72F6-483A-A663-40FD8CA5F75D}.Release|x64.ActiveCfg = Release|x64
		{FCAF17EA-72F6-483A-A663-40FD8CA5F75D}.Release|x64.Build.0 = Release|x64
		{FCAF17EA-72F6-483A-A663-40FD8CA5F75D}.Release|x86.ActiveCfg = Release|Win32
		{FCAF17EA-72F6-483A-A663-40FD8CA5F75D}.Release|x86.Build.0 = Release|Win32
	EndGlobalSection
	GlobalSection(SolutionProperties) = preSolution
		HideSolutionNode = FALSE
	EndGlobalSection
	GlobalSection(ExtensibilityGlobals) = postSolution
		SolutionGuid = {4D5A84A2-9BBE-49A0-8823-0E574988B3BD}
	EndGlobalSection
EndGlobal
